
Microsoft Visual Studio Solution File, Format Version 12.00
# Visual Studio Version 17
VisualStudioVersion = 17.5.002.0
MinimumVisualStudioVersion = 10.0.40219.1
Project("{9A19103F-16F7-4668-BE54-9A1E7A4F7556}") = "Piggyzen.Api", "Piggyzen.Api.csproj", "{94559DC7-567B-401E-BC6F-72B425B5F2FD}"
EndProject
Global
	GlobalSection(SolutionConfigurationPlatforms) = preSolution
		Debug|Any CPU = Debug|Any CPU
		Release|Any CPU = Release|Any CPU
	EndGlobalSection
	GlobalSection(ProjectConfigurationPlatforms) = postSolution
		{94559DC7-567B-401E-BC6F-72B425B5F2FD}.Debug|Any CPU.ActiveCfg = Debug|Any CPU
		{94559DC7-567B-401E-BC6F-72B425B5F2FD}.Debug|Any CPU.Build.0 = Debug|Any CPU
		{94559DC7-567B-401E-BC6F-72B425B5F2FD}.Release|Any CPU.ActiveCfg = Release|Any CPU
		{94559DC7-567B-401E-BC6F-72B425B5F2FD}.Release|Any CPU.Build.0 = Release|Any CPU
	EndGlobalSection
	GlobalSection(SolutionProperties) = preSolution
		HideSolutionNode = FALSE
	EndGlobalSection
	GlobalSection(ExtensibilityGlobals) = postSolution
		SolutionGuid = {44476A96-08EE-4FEE-AB04-E65B7C964F80}
	EndGlobalSection
EndGlobal
